
Microsoft Visual Studio Solution File, Format Version 11.00
# Visual Studio 2010
Project("{FAE04EC0-301F-11D3-BF4B-00C04F79EFBC}") = "CS3DPDemok", "CS3DPDemok\CS3DPDemok.csproj", "{31B7462F-49E2-49E9-B3AF-E7BA9C7E5B5F}"
EndProject
Project("{FAE04EC0-301F-11D3-BF4B-00C04F79EFBC}") = "P02_AbstractFactory", "P02_AbstractFactory\P02_AbstractFactory.csproj", "{E2C58361-39C9-4E7E-B284-57A3DFB6512F}"
EndProject
Project("{FAE04EC0-301F-11D3-BF4B-00C04F79EFBC}") = "P03_Builder", "P03_Builder\P03_Builder.csproj", "{16376437-E027-4D7E-AC28-1BA0C9E82F92}"
EndProject
Project("{FAE04EC0-301F-11D3-BF4B-00C04F79EFBC}") = "P04_Prototype", "P04_Prototype\P04_Prototype.csproj", "{1A2CDF97-4163-47A2-A8D6-39585476082B}"
EndProject
Project("{FAE04EC0-301F-11D3-BF4B-00C04F79EFBC}") = "P05_Singleton", "P05_Singleton\P05_Singleton.csproj", "{5D1800F1-3D0A-45FC-9384-BB4ABD9930E3}"
EndProject
Project("{FAE04EC0-301F-11D3-BF4B-00C04F79EFBC}") = "P06_ChainOfResponsibility", "P06_ChainOfResponsibility\P06_ChainOfResponsibility.csproj", "{65FD3FA0-434E-4558-BD62-BEB6542DFAB2}"
EndProject
Project("{FAE04EC0-301F-11D3-BF4B-00C04F79EFBC}") = "EventHandlerTest", "EventHandlerTest\EventHandlerTest.csproj", "{F86C1473-84FF-4A9C-95BC-00B7129070AC}"
EndProject
Project("{FAE04EC0-301F-11D3-BF4B-00C04F79EFBC}") = "P07a_Command", "P07a_Command\P07a_Command.csproj", "{A8C359F4-D82F-44C4-949B-1F47EA201543}"
EndProject
Project("{FAE04EC0-301F-11D3-BF4B-00C04F79EFBC}") = "P07b_Command", "P07b_Command\P07b_Command.csproj", "{57BD4553-8571-4698-805B-1D1A2506DEE1}"
EndProject
Project("{FAE04EC0-301F-11D3-BF4B-00C04F79EFBC}") = "P08a_Interpreter", "P08a_Interpreter\P08a_Interpreter.csproj", "{37FF05FB-DE3D-46F7-B926-90AE9A4A426D}"
EndProject
Project("{FAE04EC0-301F-11D3-BF4B-00C04F79EFBC}") = "P08b_Interpeter", "P08b_Interpeter\P08b_Interpeter.csproj", "{39888BF3-CCA7-47E0-A1EF-C165306676AE}"
EndProject
Project("{FAE04EC0-301F-11D3-BF4B-00C04F79EFBC}") = "P09_Iterator", "P09_Iterator\P09_Iterator.csproj", "{5CFC64EE-884C-4E2B-A13B-EAAB4F998372}"
EndProject
Project("{FAE04EC0-301F-11D3-BF4B-00C04F79EFBC}") = "P10_Mediator", "P10_Mediator\P10_Mediator.csproj", "{EDEC5EE3-C333-4D42-8E88-477692D8D641}"
EndProject
Project("{FAE04EC0-301F-11D3-BF4B-00C04F79EFBC}") = "P11_Memento", "P11_Memento\P11_Memento.csproj", "{1F10CCF1-E7C6-43E9-A862-BC8004929EF6}"
EndProject
Project("{FAE04EC0-301F-11D3-BF4B-00C04F79EFBC}") = "P11_SaferMemento", "P11_SaferMemento\P11_SaferMemento.csproj", "{455CCDE6-C036-4B42-A4F5-6B32C490BD9F}"
EndProject
Project("{FAE04EC0-301F-11D3-BF4B-00C04F79EFBC}") = "P12_Observer", "P12_Observer\P12_Observer.csproj", "{7F76E20A-5495-4431-8734-42281C00FB39}"
EndProject
Project("{FAE04EC0-301F-11D3-BF4B-00C04F79EFBC}") = "P13_State", "P13_State\P13_State.csproj", "{1B8054E8-6AE3-4940-9511-E87FA366687D}"
EndProject
Project("{FAE04EC0-301F-11D3-BF4B-00C04F79EFBC}") = "P14_Strategy", "P14_Strategy\P14_Strategy.csproj", "{ECE202DB-1E16-4826-BF6B-D584CBE8A522}"
EndProject
Project("{FAE04EC0-301F-11D3-BF4B-00C04F79EFBC}") = "P15_Template", "P15_Template\P15_Template.csproj", "{77FAD6BB-32C0-4E1A-8597-823231BC43DF}"
EndProject
Project("{FAE04EC0-301F-11D3-BF4B-00C04F79EFBC}") = "P16_Visitor", "P16_Visitor\P16_Visitor.csproj", "{A3C8E4A8-A884-4112-BE54-E0FC4DC5332E}"
EndProject
Project("{FAE04EC0-301F-11D3-BF4B-00C04F79EFBC}") = "P17_Adapter", "P17_Adapter\P17_Adapter.csproj", "{57F4A94F-B7CB-4DE4-939E-5F7EE1730512}"
EndProject
Project("{FAE04EC0-301F-11D3-BF4B-00C04F79EFBC}") = "P18_Bridge", "P18_Bridge\P18_Bridge.csproj", "{2123DD49-FAD6-407B-90BA-FC96672A7928}"
EndProject
Project("{FAE04EC0-301F-11D3-BF4B-00C04F79EFBC}") = "P19_Composite", "P19_Composite\P19_Composite.csproj", "{71C88034-5FE8-494B-B74A-26A473496819}"
EndProject
Project("{FAE04EC0-301F-11D3-BF4B-00C04F79EFBC}") = "P20_Decorator", "P20_Decorator\P20_Decorator.csproj", "{D9580693-F31E-4DA7-AA9F-007F57C6370B}"
EndProject
Project("{FAE04EC0-301F-11D3-BF4B-00C04F79EFBC}") = "P21_Facade", "P21_Facade\P21_Facade.csproj", "{333B18AC-3C53-4916-8023-2F6A363C814F}"
EndProject
Project("{FAE04EC0-301F-11D3-BF4B-00C04F79EFBC}") = "P22_Flyweight", "P22_Flyweight\P22_Flyweight.csproj", "{EE3EAAF2-D89D-48F9-9F07-8E6979D52F08}"
EndProject
Project("{FAE04EC0-301F-11D3-BF4B-00C04F79EFBC}") = "P23_Proxy", "P23_Proxy\P23_Proxy.csproj", "{9D895885-AE27-4A3D-92C3-696C4DD3A26E}"
EndProject
Global
	GlobalSection(SolutionConfigurationPlatforms) = preSolution
		Debug|x86 = Debug|x86
		Release|x86 = Release|x86
	EndGlobalSection
	GlobalSection(ProjectConfigurationPlatforms) = postSolution
		{31B7462F-49E2-49E9-B3AF-E7BA9C7E5B5F}.Debug|x86.ActiveCfg = Debug|x86
		{31B7462F-49E2-49E9-B3AF-E7BA9C7E5B5F}.Debug|x86.Build.0 = Debug|x86
		{31B7462F-49E2-49E9-B3AF-E7BA9C7E5B5F}.Release|x86.ActiveCfg = Release|x86
		{31B7462F-49E2-49E9-B3AF-E7BA9C7E5B5F}.Release|x86.Build.0 = Release|x86
		{E2C58361-39C9-4E7E-B284-57A3DFB6512F}.Debug|x86.ActiveCfg = Debug|x86
		{E2C58361-39C9-4E7E-B284-57A3DFB6512F}.Debug|x86.Build.0 = Debug|x86
		{E2C58361-39C9-4E7E-B284-57A3DFB6512F}.Release|x86.ActiveCfg = Release|x86
		{E2C58361-39C9-4E7E-B284-57A3DFB6512F}.Release|x86.Build.0 = Release|x86
		{16376437-E027-4D7E-AC28-1BA0C9E82F92}.Debug|x86.ActiveCfg = Debug|x86
		{16376437-E027-4D7E-AC28-1BA0C9E82F92}.Debug|x86.Build.0 = Debug|x86
		{16376437-E027-4D7E-AC28-1BA0C9E82F92}.Release|x86.ActiveCfg = Release|x86
		{16376437-E027-4D7E-AC28-1BA0C9E82F92}.Release|x86.Build.0 = Release|x86
		{1A2CDF97-4163-47A2-A8D6-39585476082B}.Debug|x86.ActiveCfg = Debug|x86
		{1A2CDF97-4163-47A2-A8D6-39585476082B}.Debug|x86.Build.0 = Debug|x86
		{1A2CDF97-4163-47A2-A8D6-39585476082B}.Release|x86.ActiveCfg = Release|x86
		{1A2CDF97-4163-47A2-A8D6-39585476082B}.Release|x86.Build.0 = Release|x86
		{5D1800F1-3D0A-45FC-9384-BB4ABD9930E3}.Debug|x86.ActiveCfg = Debug|x86
		{5D1800F1-3D0A-45FC-9384-BB4ABD9930E3}.Debug|x86.Build.0 = Debug|x86
		{5D1800F1-3D0A-45FC-9384-BB4ABD9930E3}.Release|x86.ActiveCfg = Release|x86
		{5D1800F1-3D0A-45FC-9384-BB4ABD9930E3}.Release|x86.Build.0 = Release|x86
		{65FD3FA0-434E-4558-BD62-BEB6542DFAB2}.Debug|x86.ActiveCfg = Debug|x86
		{65FD3FA0-434E-4558-BD62-BEB6542DFAB2}.Debug|x86.Build.0 = Debug|x86
		{65FD3FA0-434E-4558-BD62-BEB6542DFAB2}.Release|x86.ActiveCfg = Release|x86
		{65FD3FA0-434E-4558-BD62-BEB6542DFAB2}.Release|x86.Build.0 = Release|x86
		{F86C1473-84FF-4A9C-95BC-00B7129070AC}.Debug|x86.ActiveCfg = Debug|x86
		{F86C1473-84FF-4A9C-95BC-00B7129070AC}.Debug|x86.Build.0 = Debug|x86
		{F86C1473-84FF-4A9C-95BC-00B7129070AC}.Release|x86.ActiveCfg = Release|x86
		{F86C1473-84FF-4A9C-95BC-00B7129070AC}.Release|x86.Build.0 = Release|x86
		{A8C359F4-D82F-44C4-949B-1F47EA201543}.Debug|x86.ActiveCfg = Debug|x86
		{A8C359F4-D82F-44C4-949B-1F47EA201543}.Debug|x86.Build.0 = Debug|x86
		{A8C359F4-D82F-44C4-949B-1F47EA201543}.Release|x86.ActiveCfg = Release|x86
		{A8C359F4-D82F-44C4-949B-1F47EA201543}.Release|x86.Build.0 = Release|x86
		{57BD4553-8571-4698-805B-1D1A2506DEE1}.Debug|x86.ActiveCfg = Debug|x86
		{57BD4553-8571-4698-805B-1D1A2506DEE1}.Debug|x86.Build.0 = Debug|x86
		{57BD4553-8571-4698-805B-1D1A2506DEE1}.Release|x86.ActiveCfg = Release|x86
		{57BD4553-8571-4698-805B-1D1A2506DEE1}.Release|x86.Build.0 = Release|x86
		{37FF05FB-DE3D-46F7-B926-90AE9A4A426D}.Debug|x86.ActiveCfg = Debug|x86
		{37FF05FB-DE3D-46F7-B926-90AE9A4A426D}.Debug|x86.Build.0 = Debug|x86
		{37FF05FB-DE3D-46F7-B926-90AE9A4A426D}.Release|x86.ActiveCfg = Release|x86
		{37FF05FB-DE3D-46F7-B926-90AE9A4A426D}.Release|x86.Build.0 = Release|x86
		{39888BF3-CCA7-47E0-A1EF-C165306676AE}.Debug|x86.ActiveCfg = Debug|x86
		{39888BF3-CCA7-47E0-A1EF-C165306676AE}.Debug|x86.Build.0 = Debug|x86
		{39888BF3-CCA7-47E0-A1EF-C165306676AE}.Release|x86.ActiveCfg = Release|x86
		{39888BF3-CCA7-47E0-A1EF-C165306676AE}.Release|x86.Build.0 = Release|x86
		{5CFC64EE-884C-4E2B-A13B-EAAB4F998372}.Debug|x86.ActiveCfg = Debug|x86
		{5CFC64EE-884C-4E2B-A13B-EAAB4F998372}.Debug|x86.Build.0 = Debug|x86
		{5CFC64EE-884C-4E2B-A13B-EAAB4F998372}.Release|x86.ActiveCfg = Release|x86
		{5CFC64EE-884C-4E2B-A13B-EAAB4F998372}.Release|x86.Build.0 = Release|x86
		{EDEC5EE3-C333-4D42-8E88-477692D8D641}.Debug|x86.ActiveCfg = Debug|x86
		{EDEC5EE3-C333-4D42-8E88-477692D8D641}.Debug|x86.Build.0 = Debug|x86
		{EDEC5EE3-C333-4D42-8E88-477692D8D641}.Release|x86.ActiveCfg = Release|x86
		{EDEC5EE3-C333-4D42-8E88-477692D8D641}.Release|x86.Build.0 = Release|x86
		{1F10CCF1-E7C6-43E9-A862-BC8004929EF6}.Debug|x86.ActiveCfg = Debug|x86
		{1F10CCF1-E7C6-43E9-A862-BC8004929EF6}.Debug|x86.Build.0 = Debug|x86
		{1F10CCF1-E7C6-43E9-A862-BC8004929EF6}.Release|x86.ActiveCfg = Release|x86
		{1F10CCF1-E7C6-43E9-A862-BC8004929EF6}.Release|x86.Build.0 = Release|x86
		{455CCDE6-C036-4B42-A4F5-6B32C490BD9F}.Debug|x86.ActiveCfg = Debug|x86
		{455CCDE6-C036-4B42-A4F5-6B32C490BD9F}.Debug|x86.Build.0 = Debug|x86
		{455CCDE6-C036-4B42-A4F5-6B32C490BD9F}.Release|x86.ActiveCfg = Release|x86
		{455CCDE6-C036-4B42-A4F5-6B32C490BD9F}.Release|x86.Build.0 = Release|x86
		{7F76E20A-5495-4431-8734-42281C00FB39}.Debug|x86.ActiveCfg = Debug|x86
		{7F76E20A-5495-4431-8734-42281C00FB39}.Debug|x86.Build.0 = Debug|x86
		{7F76E20A-5495-4431-8734-42281C00FB39}.Release|x86.ActiveCfg = Release|x86
		{7F76E20A-5495-4431-8734-42281C00FB39}.Release|x86.Build.0 = Release|x86
		{1B8054E8-6AE3-4940-9511-E87FA366687D}.Debug|x86.ActiveCfg = Debug|x86
		{1B8054E8-6AE3-4940-9511-E87FA366687D}.Debug|x86.Build.0 = Debug|x86
		{1B8054E8-6AE3-4940-9511-E87FA366687D}.Release|x86.ActiveCfg = Release|x86
		{1B8054E8-6AE3-4940-9511-E87FA366687D}.Release|x86.Build.0 = Release|x86
		{ECE202DB-1E16-4826-BF6B-D584CBE8A522}.Debug|x86.ActiveCfg = Debug|x86
		{ECE202DB-1E16-4826-BF6B-D584CBE8A522}.Debug|x86.Build.0 = Debug|x86
		{ECE202DB-1E16-4826-BF6B-D584CBE8A522}.Release|x86.ActiveCfg = Release|x86
		{ECE202DB-1E16-4826-BF6B-D584CBE8A522}.Release|x86.Build.0 = Release|x86
		{77FAD6BB-32C0-4E1A-8597-823231BC43DF}.Debug|x86.ActiveCfg = Debug|x86
		{77FAD6BB-32C0-4E1A-8597-823231BC43DF}.Debug|x86.Build.0 = Debug|x86
		{77FAD6BB-32C0-4E1A-8597-823231BC43DF}.Release|x86.ActiveCfg = Release|x86
		{77FAD6BB-32C0-4E1A-8597-823231BC43DF}.Release|x86.Build.0 = Release|x86
		{A3C8E4A8-A884-4112-BE54-E0FC4DC5332E}.Debug|x86.ActiveCfg = Debug|x86
		{A3C8E4A8-A884-4112-BE54-E0FC4DC5332E}.Debug|x86.Build.0 = Debug|x86
		{A3C8E4A8-A884-4112-BE54-E0FC4DC5332E}.Release|x86.ActiveCfg = Release|x86
		{A3C8E4A8-A884-4112-BE54-E0FC4DC5332E}.Release|x86.Build.0 = Release|x86
		{57F4A94F-B7CB-4DE4-939E-5F7EE1730512}.Debug|x86.ActiveCfg = Debug|x86
		{57F4A94F-B7CB-4DE4-939E-5F7EE1730512}.Debug|x86.Build.0 = Debug|x86
		{57F4A94F-B7CB-4DE4-939E-5F7EE1730512}.Release|x86.ActiveCfg = Release|x86
		{57F4A94F-B7CB-4DE4-939E-5F7EE1730512}.Release|x86.Build.0 = Release|x86
		{2123DD49-FAD6-407B-90BA-FC96672A7928}.Debug|x86.ActiveCfg = Debug|x86
		{2123DD49-FAD6-407B-90BA-FC96672A7928}.Debug|x86.Build.0 = Debug|x86
		{2123DD49-FAD6-407B-90BA-FC96672A7928}.Release|x86.ActiveCfg = Release|x86
		{2123DD49-FAD6-407B-90BA-FC96672A7928}.Release|x86.Build.0 = Release|x86
		{71C88034-5FE8-494B-B74A-26A473496819}.Debug|x86.ActiveCfg = Debug|x86
		{71C88034-5FE8-494B-B74A-26A473496819}.Debug|x86.Build.0 = Debug|x86
		{71C88034-5FE8-494B-B74A-26A473496819}.Release|x86.ActiveCfg = Release|x86
		{71C88034-5FE8-494B-B74A-26A473496819}.Release|x86.Build.0 = Release|x86
		{D9580693-F31E-4DA7-AA9F-007F57C6370B}.Debug|x86.ActiveCfg = Debug|x86
		{D9580693-F31E-4DA7-AA9F-007F57C6370B}.Debug|x86.Build.0 = Debug|x86
		{D9580693-F31E-4DA7-AA9F-007F57C6370B}.Release|x86.ActiveCfg = Release|x86
		{D9580693-F31E-4DA7-AA9F-007F57C6370B}.Release|x86.Build.0 = Release|x86
		{333B18AC-3C53-4916-8023-2F6A363C814F}.Debug|x86.ActiveCfg = Debug|x86
		{333B18AC-3C53-4916-8023-2F6A363C814F}.Debug|x86.Build.0 = Debug|x86
		{333B18AC-3C53-4916-8023-2F6A363C814F}.Release|x86.ActiveCfg = Release|x86
		{333B18AC-3C53-4916-8023-2F6A363C814F}.Release|x86.Build.0 = Release|x86
		{EE3EAAF2-D89D-48F9-9F07-8E6979D52F08}.Debug|x86.ActiveCfg = Debug|x86
		{EE3EAAF2-D89D-48F9-9F07-8E6979D52F08}.Debug|x86.Build.0 = Debug|x86
		{EE3EAAF2-D89D-48F9-9F07-8E6979D52F08}.Release|x86.ActiveCfg = Release|x86
		{EE3EAAF2-D89D-48F9-9F07-8E6979D52F08}.Release|x86.Build.0 = Release|x86
		{9D895885-AE27-4A3D-92C3-696C4DD3A26E}.Debug|x86.ActiveCfg = Debug|x86
		{9D895885-AE27-4A3D-92C3-696C4DD3A26E}.Debug|x86.Build.0 = Debug|x86
		{9D895885-AE27-4A3D-92C3-696C4DD3A26E}.Release|x86.ActiveCfg = Release|x86
		{9D895885-AE27-4A3D-92C3-696C4DD3A26E}.Release|x86.Build.0 = Release|x86
	EndGlobalSection
	GlobalSection(SolutionProperties) = preSolution
		HideSolutionNode = FALSE
	EndGlobalSection
EndGlobal
